# @generated - this file is auto-generated by `mise lock` https://mise.en.dev/dev-tools/mise-lock.html

[[tools."aqua:awslabs/git-secrets"]]
version = "1.3.0"
backend = "aqua:awslabs/git-secrets"

[tools."aqua:awslabs/git-secrets"."platforms.linux-arm64"]
url = "https://raw.githubusercontent.com/awslabs/git-secrets/1.3.0/git-secrets"
url_api = "https://api.github.com/repos/awslabs/git-secrets/contents/git-secrets?ref=1.3.0"

[tools."aqua:awslabs/git-secrets"."platforms.linux-arm64-musl"]
url = "https://raw.githubusercontent.com/awslabs/git-secrets/1.3.0/git-secrets"
url_api = "https://api.github.com/repos/awslabs/git-secrets/contents/git-secrets?ref=1.3.0"

[tools."aqua:awslabs/git-secrets"."platforms.linux-x64"]
url = "https://raw.githubusercontent.com/awslabs/git-secrets/1.3.0/git-secrets"
url_api = "https://api.github.com/repos/awslabs/git-secrets/contents/git-secrets?ref=1.3.0"

[tools."aqua:awslabs/git-secrets"."platforms.linux-x64-musl"]
url = "https://raw.githubusercontent.com/awslabs/git-secrets/1.3.0/git-secrets"
url_api = "https://api.github.com/repos/awslabs/git-secrets/contents/git-secrets?ref=1.3.0"

[tools."aqua:awslabs/git-secrets"."platforms.macos-arm64"]
url = "https://raw.githubusercontent.com/awslabs/git-secrets/1.3.0/git-secrets"
url_api = "https://api.github.com/repos/awslabs/git-secrets/contents/git-secrets?ref=1.3.0"

[tools."aqua:awslabs/git-secrets"."platforms.macos-x64"]
url = "https://raw.githubusercontent.com/awslabs/git-secrets/1.3.0/git-secrets"
url_api = "https://api.github.com/repos/awslabs/git-secrets/contents/git-secrets?ref=1.3.0"

[[tools."aqua:evilmartians/lefthook"]]
version = "2.1.10"
backend = "aqua:evilmartians/lefthook"

[tools."aqua:evilmartians/lefthook"."platforms.linux-arm64"]
checksum = "sha256:6380a6ad6dd484466fd69bd83f24491d6ec27dc0b84e837be025620f7c4e11e3"
url = "https://github.com/evilmartians/lefthook/releases/download/v2.1.10/lefthook_2.1.10_Linux_aarch64.gz"
url_api = "https://api.github.com/repos/evilmartians/lefthook/releases/assets/470227512"
provenance = "github-attestations"

[tools."aqua:evilmartians/lefthook"."platforms.linux-arm64-musl"]
checksum = "sha256:6380a6ad6dd484466fd69bd83f24491d6ec27dc0b84e837be025620f7c4e11e3"
url = "https://github.com/evilmartians/lefthook/releases/download/v2.1.10/lefthook_2.1.10_Linux_aarch64.gz"
url_api = "https://api.github.com/repos/evilmartians/lefthook/releases/assets/470227512"
provenance = "github-attestations"

[tools."aqua:evilmartians/lefthook"."platforms.linux-x64"]
checksum = "sha256:0b14162a0bb2f0c64ae0759f6102f6e19c4d00981666a8ac73d4f5a6878ada4f"
url = "https://github.com/evilmartians/lefthook/releases/download/v2.1.10/lefthook_2.1.10_Linux_x86_64.gz"
url_api = "https://api.github.com/repos/evilmartians/lefthook/releases/assets/470227493"
provenance = "github-attestations"

[tools."aqua:evilmartians/lefthook"."platforms.linux-x64-musl"]
checksum = "sha256:0b14162a0bb2f0c64ae0759f6102f6e19c4d00981666a8ac73d4f5a6878ada4f"
url = "https://github.com/evilmartians/lefthook/releases/download/v2.1.10/lefthook_2.1.10_Linux_x86_64.gz"
url_api = "https://api.github.com/repos/evilmartians/lefthook/releases/assets/470227493"
provenance = "github-attestations"

[tools."aqua:evilmartians/lefthook"."platforms.macos-arm64"]
checksum = "sha256:1dd4dc7b4c50efb1f9d9122cd6535c793738d6e59751c228d49f768ec9dbb604"
url = "https://github.com/evilmartians/lefthook/releases/download/v2.1.10/lefthook_2.1.10_MacOS_arm64.gz"
url_api = "https://api.github.com/repos/evilmartians/lefthook/releases/assets/470227499"
provenance = "github-attestations"

[tools."aqua:evilmartians/lefthook"."platforms.macos-x64"]
checksum = "sha256:49d905f28ca46442cb236060058b252da650b5f7b864bd275b61aa46945e8c4a"
url = "https://github.com/evilmartians/lefthook/releases/download/v2.1.10/lefthook_2.1.10_MacOS_x86_64.gz"
url_api = "https://api.github.com/repos/evilmartians/lefthook/releases/assets/470227495"
provenance = "github-attestations"

[tools."aqua:evilmartians/lefthook"."platforms.windows-x64"]
checksum = "sha256:beabbce824641ae71229ed11dd8634f47148921cb649d25c90441b737481494a"
url = "https://github.com/evilmartians/lefthook/releases/download/v2.1.10/lefthook_2.1.10_Windows_x86_64.gz"
url_api = "https://api.github.com/repos/evilmartians/lefthook/releases/assets/470227505"
provenance = "github-attestations"

[[tools."aqua:rhysd/actionlint"]]
version = "1.7.12"
backend = "aqua:rhysd/actionlint"

[tools."aqua:rhysd/actionlint"."platforms.linux-arm64"]
checksum = "sha256:325e971b6ba9bfa504672e29be93c24981eeb1c07576d730e9f7c8805afff0c6"
url = "https://github.com/rhysd/actionlint/releases/download/v1.7.12/actionlint_1.7.12_linux_arm64.tar.gz"
url_api = "https://api.github.com/repos/rhysd/actionlint/releases/assets/384924897"
provenance = "github-attestations"

[tools."aqua:rhysd/actionlint"."platforms.linux-arm64-musl"]
checksum = "sha256:325e971b6ba9bfa504672e29be93c24981eeb1c07576d730e9f7c8805afff0c6"
url = "https://github.com/rhysd/actionlint/releases/download/v1.7.12/actionlint_1.7.12_linux_arm64.tar.gz"
url_api = "https://api.github.com/repos/rhysd/actionlint/releases/assets/384924897"
provenance = "github-attestations"

[tools."aqua:rhysd/actionlint"."platforms.linux-x64"]
checksum = "sha256:8aca8db96f1b94770f1b0d72b6dddcb1ebb8123cb3712530b08cc387b349a3d8"
url = "https://github.com/rhysd/actionlint/releases/download/v1.7.12/actionlint_1.7.12_linux_amd64.tar.gz"
url_api = "https://api.github.com/repos/rhysd/actionlint/releases/assets/384924896"
provenance = "github-attestations"

[tools."aqua:rhysd/actionlint"."platforms.linux-x64-musl"]
checksum = "sha256:8aca8db96f1b94770f1b0d72b6dddcb1ebb8123cb3712530b08cc387b349a3d8"
url = "https://github.com/rhysd/actionlint/releases/download/v1.7.12/actionlint_1.7.12_linux_amd64.tar.gz"
url_api = "https://api.github.com/repos/rhysd/actionlint/releases/assets/384924896"
provenance = "github-attestations"

[tools."aqua:rhysd/actionlint"."platforms.macos-arm64"]
checksum = "sha256:aba9ced2dee8d27fecca3dc7feb1a7f9a52caefa1eb46f3271ea66b6e0e6953f"
url = "https://github.com/rhysd/actionlint/releases/download/v1.7.12/actionlint_1.7.12_darwin_arm64.tar.gz"
url_api = "https://api.github.com/repos/rhysd/actionlint/releases/assets/384924893"
provenance = "github-attestations"

[tools."aqua:rhysd/actionlint"."platforms.macos-x64"]
checksum = "sha256:5b44c3bc2255115c9b69e30efc0fecdf498fdb63c5d58e17084fd5f16324c644"
url = "https://github.com/rhysd/actionlint/releases/download/v1.7.12/actionlint_1.7.12_darwin_amd64.tar.gz"
url_api = "https://api.github.com/repos/rhysd/actionlint/releases/assets/384924880"
provenance = "github-attestations"

[tools."aqua:rhysd/actionlint"."platforms.windows-x64"]
checksum = "sha256:6e7241b51e6817ea6a047693d8e6fed13b31819c9a0dd6c5a726e1592d22f6e9"
url = "https://github.com/rhysd/actionlint/releases/download/v1.7.12/actionlint_1.7.12_windows_amd64.zip"
url_api = "https://api.github.com/repos/rhysd/actionlint/releases/assets/384924919"
provenance = "github-attestations"

[[tools."aqua:secretlint/secretlint"]]
version = "13.0.4"
backend = "aqua:secretlint/secretlint"

[tools."aqua:secretlint/secretlint"."platforms.linux-arm64"]
checksum = "sha256:8c554a1020bea061162c058667eb89f0ca47cb413ef4bcdf8f78f140f8be2986"
url = "https://github.com/secretlint/secretlint/releases/download/v13.0.4/secretlint-13.0.4-linux-arm64"
url_api = "https://api.github.com/repos/secretlint/secretlint/releases/assets/485338193"

[tools."aqua:secretlint/secretlint"."platforms.linux-arm64-musl"]
checksum = "sha256:8c554a1020bea061162c058667eb89f0ca47cb413ef4bcdf8f78f140f8be2986"
url = "https://github.com/secretlint/secretlint/releases/download/v13.0.4/secretlint-13.0.4-linux-arm64"
url_api = "https://api.github.com/repos/secretlint/secretlint/releases/assets/485338193"

[tools."aqua:secretlint/secretlint"."platforms.linux-x64"]
checksum = "sha256:dfd4745ca03fb67b78e3d28c9916f838e7250ab67d8ad2fcf0148991811354bf"
url = "https://github.com/secretlint/secretlint/releases/download/v13.0.4/secretlint-13.0.4-linux-x64"
url_api = "https://api.github.com/repos/secretlint/secretlint/releases/assets/485338188"

[tools."aqua:secretlint/secretlint"."platforms.linux-x64-musl"]
checksum = "sha256:dfd4745ca03fb67b78e3d28c9916f838e7250ab67d8ad2fcf0148991811354bf"
url = "https://github.com/secretlint/secretlint/releases/download/v13.0.4/secretlint-13.0.4-linux-x64"
url_api = "https://api.github.com/repos/secretlint/secretlint/releases/assets/485338188"

[tools."aqua:secretlint/secretlint"."platforms.macos-arm64"]
checksum = "sha256:a67e92e2e7f7d44bdeb71e724b6c68584d1bc96d1e4a284d9eaf64eeab296aca"
url = "https://github.com/secretlint/secretlint/releases/download/v13.0.4/secretlint-13.0.4-darwin-arm64"
url_api = "https://api.github.com/repos/secretlint/secretlint/releases/assets/485338187"

[tools."aqua:secretlint/secretlint"."platforms.macos-x64"]
checksum = "sha256:b05cdc106bd5c550d93cdae702ba2de41fffc513b9ef6a2e361f858536ce4e43"
url = "https://github.com/secretlint/secretlint/releases/download/v13.0.4/secretlint-13.0.4-darwin-x64"
url_api = "https://api.github.com/repos/secretlint/secretlint/releases/assets/485338191"

[tools."aqua:secretlint/secretlint"."platforms.windows-x64"]
checksum = "sha256:8b62d2083214b4e0eb9ac47c30dcb7c12fa92b14d4f5ca0908321f42286a8234"
url = "https://github.com/secretlint/secretlint/releases/download/v13.0.4/secretlint-13.0.4-windows-x64.exe"
url_api = "https://api.github.com/repos/secretlint/secretlint/releases/assets/485338190"

[[tools."aqua:suzuki-shunsuke/ghalint"]]
version = "1.5.6"
backend = "aqua:suzuki-shunsuke/ghalint"

[tools."aqua:suzuki-shunsuke/ghalint"."platforms.linux-arm64"]
checksum = "sha256:203a22c70b40bb161626973ad2a8dd06aeb736699fc8e03dd425dee8ff3406e6"
url = "https://github.com/suzuki-shunsuke/ghalint/releases/download/v1.5.6/ghalint_1.5.6_linux_arm64.tar.gz"
url_api = "https://api.github.com/repos/suzuki-shunsuke/ghalint/releases/assets/409631231"

[tools."aqua:suzuki-shunsuke/ghalint"."platforms.linux-arm64".provenance.slsa]
url = "https://github.com/suzuki-shunsuke/ghalint/releases/download/v1.5.6/multiple.intoto.jsonl"

[tools."aqua:suzuki-shunsuke/ghalint"."platforms.linux-arm64-musl"]
checksum = "sha256:203a22c70b40bb161626973ad2a8dd06aeb736699fc8e03dd425dee8ff3406e6"
url = "https://github.com/suzuki-shunsuke/ghalint/releases/download/v1.5.6/ghalint_1.5.6_linux_arm64.tar.gz"
url_api = "https://api.github.com/repos/suzuki-shunsuke/ghalint/releases/assets/409631231"

[tools."aqua:suzuki-shunsuke/ghalint"."platforms.linux-arm64-musl".provenance.slsa]
url = "https://github.com/suzuki-shunsuke/ghalint/releases/download/v1.5.6/multiple.intoto.jsonl"

[tools."aqua:suzuki-shunsuke/ghalint"."platforms.linux-x64"]
checksum = "sha256:98ee0e3330de7286f470d1e89c03ff7ce70d7a5998ba0f15969c400447be579c"
url = "https://github.com/suzuki-shunsuke/ghalint/releases/download/v1.5.6/ghalint_1.5.6_linux_amd64.tar.gz"
url_api = "https://api.github.com/repos/suzuki-shunsuke/ghalint/releases/assets/409631220"

[tools."aqua:suzuki-shunsuke/ghalint"."platforms.linux-x64".provenance.slsa]
url = "https://github.com/suzuki-shunsuke/ghalint/releases/download/v1.5.6/multiple.intoto.jsonl"

[tools."aqua:suzuki-shunsuke/ghalint"."platforms.linux-x64-musl"]
checksum = "sha256:98ee0e3330de7286f470d1e89c03ff7ce70d7a5998ba0f15969c400447be579c"
url = "https://github.com/suzuki-shunsuke/ghalint/releases/download/v1.5.6/ghalint_1.5.6_linux_amd64.tar.gz"
url_api = "https://api.github.com/repos/suzuki-shunsuke/ghalint/releases/assets/409631220"

[tools."aqua:suzuki-shunsuke/ghalint"."platforms.linux-x64-musl".provenance.slsa]
url = "https://github.com/suzuki-shunsuke/ghalint/releases/download/v1.5.6/multiple.intoto.jsonl"

[tools."aqua:suzuki-shunsuke/ghalint"."platforms.macos-arm64"]
checksum = "sha256:1262cac411e27b4653e6b66b7b06580ebcc2026fdd903e12e6cb0e4591639de6"
url = "https://github.com/suzuki-shunsuke/ghalint/releases/download/v1.5.6/ghalint_1.5.6_darwin_arm64.tar.gz"
url_api = "https://api.github.com/repos/suzuki-shunsuke/ghalint/releases/assets/409631219"

[tools."aqua:suzuki-shunsuke/ghalint"."platforms.macos-arm64".provenance.slsa]
url = "https://github.com/suzuki-shunsuke/ghalint/releases/download/v1.5.6/multiple.intoto.jsonl"

[tools."aqua:suzuki-shunsuke/ghalint"."platforms.macos-x64"]
checksum = "sha256:d2a0e8605333068065dcf4c9b7b7a24891eda1750ac01fb755dfba426a390883"
url = "https://github.com/suzuki-shunsuke/ghalint/releases/download/v1.5.6/ghalint_1.5.6_darwin_amd64.tar.gz"
url_api = "https://api.github.com/repos/suzuki-shunsuke/ghalint/releases/assets/409631204"

[tools."aqua:suzuki-shunsuke/ghalint"."platforms.macos-x64".provenance.slsa]
url = "https://github.com/suzuki-shunsuke/ghalint/releases/download/v1.5.6/multiple.intoto.jsonl"

[tools."aqua:suzuki-shunsuke/ghalint"."platforms.windows-x64"]
checksum = "sha256:109ea9b39c8e263cef924bd3b4fe5505964204f934ca60d986f4090d01a99ba5"
url = "https://github.com/suzuki-shunsuke/ghalint/releases/download/v1.5.6/ghalint_1.5.6_windows_amd64.zip"
url_api = "https://api.github.com/repos/suzuki-shunsuke/ghalint/releases/assets/409631234"

[tools."aqua:suzuki-shunsuke/ghalint"."platforms.windows-x64".provenance.slsa]
url = "https://github.com/suzuki-shunsuke/ghalint/releases/download/v1.5.6/multiple.intoto.jsonl"

[[tools."aqua:suzuki-shunsuke/pinact"]]
version = "4.1.1"
backend = "aqua:suzuki-shunsuke/pinact"

[tools."aqua:suzuki-shunsuke/pinact"."platforms.linux-arm64"]
checksum = "sha256:dd1f29908319ed3e59f9fe6b39196efbb76936357f3bd741cd759a96306ae8d8"
url = "https://github.com/suzuki-shunsuke/pinact/releases/download/v4.1.1/pinact_linux_arm64.tar.gz"
url_api = "https://api.github.com/repos/suzuki-shunsuke/pinact/releases/assets/494702261"
provenance = "github-attestations"

[tools."aqua:suzuki-shunsuke/pinact"."platforms.linux-arm64-musl"]
checksum = "sha256:dd1f29908319ed3e59f9fe6b39196efbb76936357f3bd741cd759a96306ae8d8"
url = "https://github.com/suzuki-shunsuke/pinact/releases/download/v4.1.1/pinact_linux_arm64.tar.gz"
url_api = "https://api.github.com/repos/suzuki-shunsuke/pinact/releases/assets/494702261"
provenance = "github-attestations"

[tools."aqua:suzuki-shunsuke/pinact"."platforms.linux-x64"]
checksum = "sha256:d1cffebe5704b74e2e5f8a864efb9f7e54768972dc686188c008033fb1797841"
url = "https://github.com/suzuki-shunsuke/pinact/releases/download/v4.1.1/pinact_linux_amd64.tar.gz"
url_api = "https://api.github.com/repos/suzuki-shunsuke/pinact/releases/assets/494702259"

[tools."aqua:suzuki-shunsuke/pinact"."platforms.linux-x64-musl"]
checksum = "sha256:d1cffebe5704b74e2e5f8a864efb9f7e54768972dc686188c008033fb1797841"
url = "https://github.com/suzuki-shunsuke/pinact/releases/download/v4.1.1/pinact_linux_amd64.tar.gz"
url_api = "https://api.github.com/repos/suzuki-shunsuke/pinact/releases/assets/494702259"
provenance = "github-attestations"

[tools."aqua:suzuki-shunsuke/pinact"."platforms.macos-arm64"]
checksum = "sha256:c13998c9f0dd09d8973700938aa5f6ac52a1db4e94d4f578d8cc976cda478614"
url = "https://github.com/suzuki-shunsuke/pinact/releases/download/v4.1.1/pinact_darwin_arm64.tar.gz"
url_api = "https://api.github.com/repos/suzuki-shunsuke/pinact/releases/assets/494702257"
provenance = "github-attestations"

[tools."aqua:suzuki-shunsuke/pinact"."platforms.macos-x64"]
checksum = "sha256:513678fdb0bb59b2742dd06d28f0ee851496a83ba939954009aa6be53f5aec9c"
url = "https://github.com/suzuki-shunsuke/pinact/releases/download/v4.1.1/pinact_darwin_amd64.tar.gz"
url_api = "https://api.github.com/repos/suzuki-shunsuke/pinact/releases/assets/494702250"
provenance = "github-attestations"

[tools."aqua:suzuki-shunsuke/pinact"."platforms.windows-x64"]
checksum = "sha256:88db480a3f8833d7233b482a72c97308df558ebceb0d3214775889239901f6a9"
url = "https://github.com/suzuki-shunsuke/pinact/releases/download/v4.1.1/pinact_windows_amd64.zip"
url_api = "https://api.github.com/repos/suzuki-shunsuke/pinact/releases/assets/494702288"
provenance = "github-attestations"

[[tools."aqua:tamasfe/taplo"]]
version = "0.10.0"
backend = "aqua:tamasfe/taplo"

[tools."aqua:tamasfe/taplo"."platforms.linux-arm64"]
url = "https://github.com/tamasfe/taplo/releases/download/0.10.0/taplo-linux-aarch64.gz"
url_api = "https://api.github.com/repos/tamasfe/taplo/releases/assets/257322597"

[tools."aqua:tamasfe/taplo"."platforms.linux-arm64-musl"]
url = "https://github.com/tamasfe/taplo/releases/download/0.10.0/taplo-linux-aarch64.gz"
url_api = "https://api.github.com/repos/tamasfe/taplo/releases/assets/257322597"

[tools."aqua:tamasfe/taplo"."platforms.linux-x64"]
url = "https://github.com/tamasfe/taplo/releases/download/0.10.0/taplo-linux-x86_64.gz"
url_api = "https://api.github.com/repos/tamasfe/taplo/releases/assets/257322600"

[tools."aqua:tamasfe/taplo"."platforms.linux-x64-musl"]
url = "https://github.com/tamasfe/taplo/releases/download/0.10.0/taplo-linux-x86_64.gz"
url_api = "https://api.github.com/repos/tamasfe/taplo/releases/assets/257322600"

[tools."aqua:tamasfe/taplo"."platforms.macos-arm64"]
url = "https://github.com/tamasfe/taplo/releases/download/0.10.0/taplo-darwin-aarch64.gz"
url_api = "https://api.github.com/repos/tamasfe/taplo/releases/assets/257323110"

[tools."aqua:tamasfe/taplo"."platforms.macos-x64"]
url = "https://github.com/tamasfe/taplo/releases/download/0.10.0/taplo-darwin-x86_64.gz"
url_api = "https://api.github.com/repos/tamasfe/taplo/releases/assets/257323116"

[tools."aqua:tamasfe/taplo"."platforms.windows-x64"]
url = "https://github.com/tamasfe/taplo/releases/download/0.10.0/taplo-windows-x86_64.zip"
url_api = "https://api.github.com/repos/tamasfe/taplo/releases/assets/257323062"

[[tools."aqua:zizmorcore/zizmor"]]
version = "1.28.0"
backend = "aqua:zizmorcore/zizmor"

[tools."aqua:zizmorcore/zizmor"."platforms.linux-arm64"]
checksum = "sha256:324e43770cfacf4216f8aefb287263b5b5c733c85b03bf7583b5cc4a0460239e"
url = "https://github.com/zizmorcore/zizmor/releases/download/v1.28.0/zizmor-aarch64-unknown-linux-gnu.tar.gz"
url_api = "https://api.github.com/repos/zizmorcore/zizmor/releases/assets/485211654"
provenance = "github-attestations"

[tools."aqua:zizmorcore/zizmor"."platforms.linux-arm64-musl"]
provenance = "github-attestations"

[tools."aqua:zizmorcore/zizmor"."platforms.linux-x64"]
checksum = "sha256:e87b67160194884e375a46a12c57ccc904f762b53845f254fab7f17d98809c09"
url = "https://github.com/zizmorcore/zizmor/releases/download/v1.28.0/zizmor-x86_64-unknown-linux-gnu.tar.gz"
url_api = "https://api.github.com/repos/zizmorcore/zizmor/releases/assets/485211657"
provenance = "github-attestations"

[tools."aqua:zizmorcore/zizmor"."platforms.linux-x64-musl"]
provenance = "github-attestations"

[tools."aqua:zizmorcore/zizmor"."platforms.macos-arm64"]
checksum = "sha256:54949bbd6b4c8527046bb8990bac9e0dab3eec787640f4e6199ae121dd1040be"
url = "https://github.com/zizmorcore/zizmor/releases/download/v1.28.0/zizmor-aarch64-apple-darwin.tar.gz"
url_api = "https://api.github.com/repos/zizmorcore/zizmor/releases/assets/485211655"
provenance = "github-attestations"

[tools."aqua:zizmorcore/zizmor"."platforms.macos-x64"]
checksum = "sha256:40a58d8560d65c71357b3977d0da425773bf8f10bf1ffd38099d963d3afdf3aa"
url = "https://github.com/zizmorcore/zizmor/releases/download/v1.28.0/zizmor-x86_64-apple-darwin.tar.gz"
url_api = "https://api.github.com/repos/zizmorcore/zizmor/releases/assets/485211652"
provenance = "github-attestations"

[tools."aqua:zizmorcore/zizmor"."platforms.windows-x64"]
checksum = "sha256:06e5b2345323201ed4c55897651862fee3b43f79ddced799f1236f0f0d1c1c0f"
url = "https://github.com/zizmorcore/zizmor/releases/download/v1.28.0/zizmor-x86_64-pc-windows-msvc.zip"
url_api = "https://api.github.com/repos/zizmorcore/zizmor/releases/assets/485211651"
provenance = "github-attestations"

[[tools."github:betterleaks/betterleaks"]]
version = "1.3.1"
backend = "github:betterleaks/betterleaks"

[tools."github:betterleaks/betterleaks"."platforms.linux-arm64"]
checksum = "sha256:8e4145c1f4155757f4a9e1b75facc49ee67525365cde2c38373457d92e2fdc9d"
url = "https://github.com/betterleaks/betterleaks/releases/download/v1.3.1/betterleaks_1.3.1_linux_arm64.tar.gz"
url_api = "https://api.github.com/repos/betterleaks/betterleaks/releases/assets/427212673"
provenance = "github-attestations"

[tools."github:betterleaks/betterleaks"."platforms.linux-arm64-musl"]
checksum = "sha256:8e4145c1f4155757f4a9e1b75facc49ee67525365cde2c38373457d92e2fdc9d"
url = "https://github.com/betterleaks/betterleaks/releases/download/v1.3.1/betterleaks_1.3.1_linux_arm64.tar.gz"
url_api = "https://api.github.com/repos/betterleaks/betterleaks/releases/assets/427212673"
provenance = "github-attestations"

[tools."github:betterleaks/betterleaks"."platforms.linux-x64"]
checksum = "sha256:7b241c80204538cbb210c94514dc7cdff86430938bd7d5b6e289207959530849"
url = "https://github.com/betterleaks/betterleaks/releases/download/v1.3.1/betterleaks_1.3.1_linux_x64.tar.gz"
url_api = "https://api.github.com/repos/betterleaks/betterleaks/releases/assets/427212674"
provenance = "github-attestations"

[tools."github:betterleaks/betterleaks"."platforms.linux-x64-musl"]
checksum = "sha256:7b241c80204538cbb210c94514dc7cdff86430938bd7d5b6e289207959530849"
url = "https://github.com/betterleaks/betterleaks/releases/download/v1.3.1/betterleaks_1.3.1_linux_x64.tar.gz"
url_api = "https://api.github.com/repos/betterleaks/betterleaks/releases/assets/427212674"
provenance = "github-attestations"

[tools."github:betterleaks/betterleaks"."platforms.macos-arm64"]
checksum = "sha256:d8840dc2523074900fc053d85af776f667f351ec1ea0158f9ff65861cf011c7d"
url = "https://github.com/betterleaks/betterleaks/releases/download/v1.3.1/betterleaks_1.3.1_darwin_arm64.tar.gz"
url_api = "https://api.github.com/repos/betterleaks/betterleaks/releases/assets/427212670"
provenance = "github-attestations"

[tools."github:betterleaks/betterleaks"."platforms.macos-x64"]
checksum = "sha256:c121958794898f68f639a9ead08fc5fb78aa7a1e329457083439ade9fbc904f4"
url = "https://github.com/betterleaks/betterleaks/releases/download/v1.3.1/betterleaks_1.3.1_darwin_x64.tar.gz"
url_api = "https://api.github.com/repos/betterleaks/betterleaks/releases/assets/427212669"
provenance = "github-attestations"

[tools."github:betterleaks/betterleaks"."platforms.windows-x64"]
checksum = "sha256:00db30a6e6263590325026f309e0e93e4860d7d32afca691519bb46616c026e2"
url = "https://github.com/betterleaks/betterleaks/releases/download/v1.3.1/betterleaks_1.3.1_windows_x64.zip"
url_api = "https://api.github.com/repos/betterleaks/betterleaks/releases/assets/427212701"
provenance = "github-attestations"

[[tools."github:superfly/flyctl"]]
version = "0.4.29"
backend = "github:superfly/flyctl"

[tools."github:superfly/flyctl"."platforms.linux-arm64"]
checksum = "sha256:fda420d39de6ecfbdd336297d5fc594b98e6b13294bea5c0d78f01069daf57c3"
url = "https://github.com/superfly/flyctl/releases/download/v0.4.29/flyctl_0.4.29_Linux_arm64.tar.gz"
url_api = "https://api.github.com/repos/superfly/flyctl/releases/assets/385745064"

[tools."github:superfly/flyctl"."platforms.linux-arm64-musl"]
checksum = "sha256:fda420d39de6ecfbdd336297d5fc594b98e6b13294bea5c0d78f01069daf57c3"
url = "https://github.com/superfly/flyctl/releases/download/v0.4.29/flyctl_0.4.29_Linux_arm64.tar.gz"
url_api = "https://api.github.com/repos/superfly/flyctl/releases/assets/385745064"

[tools."github:superfly/flyctl"."platforms.linux-x64"]
checksum = "sha256:303f29908591ba1d0be6097fc7d14d9261753c7ceb37116c9ffca30c2c8bc576"
url = "https://github.com/superfly/flyctl/releases/download/v0.4.29/flyctl_0.4.29_Linux_x86_64.tar.gz"
url_api = "https://api.github.com/repos/superfly/flyctl/releases/assets/385745063"

[tools."github:superfly/flyctl"."platforms.linux-x64-musl"]
checksum = "sha256:303f29908591ba1d0be6097fc7d14d9261753c7ceb37116c9ffca30c2c8bc576"
url = "https://github.com/superfly/flyctl/releases/download/v0.4.29/flyctl_0.4.29_Linux_x86_64.tar.gz"
url_api = "https://api.github.com/repos/superfly/flyctl/releases/assets/385745063"

[tools."github:superfly/flyctl"."platforms.macos-arm64"]
checksum = "sha256:eb9b5dc6dba20009c3891a9c9c613cfd1281a3215a47766a3584b32433907a5f"
url = "https://github.com/superfly/flyctl/releases/download/v0.4.29/flyctl_0.4.29_macOS_arm64.tar.gz"
url_api = "https://api.github.com/repos/superfly/flyctl/releases/assets/385745065"

[tools."github:superfly/flyctl"."platforms.macos-x64"]
checksum = "sha256:4489a8ec851b453aed9776755275717a699c8b2cd284b0ba2d2bd150a9dcc4c1"
url = "https://github.com/superfly/flyctl/releases/download/v0.4.29/flyctl_0.4.29_macOS_x86_64.tar.gz"
url_api = "https://api.github.com/repos/superfly/flyctl/releases/assets/385745062"

[tools."github:superfly/flyctl"."platforms.windows-x64"]
checksum = "sha256:6e80b334715817726614b1cfd705bf985144038264d7bcb2fce766dd1dd145f1"
url = "https://github.com/superfly/flyctl/releases/download/v0.4.29/flyctl_0.4.29_Windows_x86_64.zip"
url_api = "https://api.github.com/repos/superfly/flyctl/releases/assets/385745098"

[[tools."npm:oxfmt"]]
version = "0.59.0"
backend = "npm:oxfmt"

[[tools."npm:oxlint"]]
version = "1.76.0"
backend = "npm:oxlint"
