# @generated - this file is auto-generated by `mise lock` https://mise.en.dev/dev-tools/mise-lock.html

[[tools."aqua:Songmu/laminate"]]
version = "0.0.4"
backend = "aqua:Songmu/laminate"

[tools."aqua:Songmu/laminate"."platforms.linux-arm64"]
checksum = "sha256:c4ae51cf413ae7b63db78ff2c54d5438507ed0afd666c5fdc37273f358f2f875"
url = "https://github.com/Songmu/laminate/releases/download/v0.0.4/laminate_v0.0.4_linux_arm64.tar.gz"

[tools."aqua:Songmu/laminate"."platforms.linux-arm64-musl"]
checksum = "sha256:c4ae51cf413ae7b63db78ff2c54d5438507ed0afd666c5fdc37273f358f2f875"
url = "https://github.com/Songmu/laminate/releases/download/v0.0.4/laminate_v0.0.4_linux_arm64.tar.gz"

[tools."aqua:Songmu/laminate"."platforms.linux-x64"]
checksum = "sha256:0df96392b92c4024b78226285e5dda0e86cf466902b8d8c329bc3bb96d9d4cc2"
url = "https://github.com/Songmu/laminate/releases/download/v0.0.4/laminate_v0.0.4_linux_amd64.tar.gz"

[tools."aqua:Songmu/laminate"."platforms.linux-x64-musl"]
checksum = "sha256:0df96392b92c4024b78226285e5dda0e86cf466902b8d8c329bc3bb96d9d4cc2"
url = "https://github.com/Songmu/laminate/releases/download/v0.0.4/laminate_v0.0.4_linux_amd64.tar.gz"

[tools."aqua:Songmu/laminate"."platforms.macos-arm64"]
checksum = "sha256:fff6b2d2357a4fabc479283edce9304c864165d4e5da38782dbc26fd9b580abc"
url = "https://github.com/Songmu/laminate/releases/download/v0.0.4/laminate_v0.0.4_darwin_arm64.zip"

[tools."aqua:Songmu/laminate"."platforms.macos-x64"]
checksum = "sha256:e943f14c60a512e03d6b8401e18967973254307151929583f0a47b268f83ce41"
url = "https://github.com/Songmu/laminate/releases/download/v0.0.4/laminate_v0.0.4_darwin_amd64.zip"

[[tools."aqua:k1LoW/deck"]]
version = "1.24.1"
backend = "aqua:k1LoW/deck"

[tools."aqua:k1LoW/deck"."platforms.linux-arm64"]
checksum = "sha256:a3efa419068eb6e1e49c3cf318cc6035bfdf8f39305e09d43c8a5fcda3335928"
url = "https://github.com/k1LoW/deck/releases/download/v1.24.1/deck_v1.24.1_linux_arm64.tar.gz"

[tools."aqua:k1LoW/deck"."platforms.linux-arm64-musl"]
checksum = "sha256:a3efa419068eb6e1e49c3cf318cc6035bfdf8f39305e09d43c8a5fcda3335928"
url = "https://github.com/k1LoW/deck/releases/download/v1.24.1/deck_v1.24.1_linux_arm64.tar.gz"

[tools."aqua:k1LoW/deck"."platforms.linux-x64"]
checksum = "sha256:d7e3915b4647cbca994942edf7699e72072da2d51a219494cda90d61f3896956"
url = "https://github.com/k1LoW/deck/releases/download/v1.24.1/deck_v1.24.1_linux_amd64.tar.gz"

[tools."aqua:k1LoW/deck"."platforms.linux-x64-musl"]
checksum = "sha256:d7e3915b4647cbca994942edf7699e72072da2d51a219494cda90d61f3896956"
url = "https://github.com/k1LoW/deck/releases/download/v1.24.1/deck_v1.24.1_linux_amd64.tar.gz"

[tools."aqua:k1LoW/deck"."platforms.macos-arm64"]
checksum = "sha256:d3e0a068f65ed4b518438d5a0198af457ad7fc6e0df00e2d201211a19be201ae"
url = "https://github.com/k1LoW/deck/releases/download/v1.24.1/deck_v1.24.1_darwin_arm64.zip"

[tools."aqua:k1LoW/deck"."platforms.macos-x64"]
checksum = "sha256:7f71da2e6addcd8dbf15cc0c61ad071caa608feae4196d07f7f0258381be5182"
url = "https://github.com/k1LoW/deck/releases/download/v1.24.1/deck_v1.24.1_darwin_amd64.zip"

[tools."aqua:k1LoW/deck"."platforms.windows-x64"]
checksum = "sha256:e0ab108661a2d9ba0ccfb7dbae8497ae086ee015f959c0f6a0a62f00e90783af"
url = "https://github.com/k1LoW/deck/releases/download/v1.24.1/deck_v1.24.1_windows_amd64.tar.gz"

[[tools."aqua:supabase/cli"]]
version = "2.111.0"
backend = "aqua:supabase/cli"

[tools."aqua:supabase/cli"."platforms.linux-arm64"]
checksum = "sha256:e84f7e247eefc5f38d78effa1ef2e8cd6d2a1af251121d99c1859b24953992c3"
url = "https://github.com/supabase/cli/releases/download/v2.111.0/supabase_linux_arm64.tar.gz"
url_api = "https://api.github.com/repos/supabase/cli/releases/assets/496488463"

[tools."aqua:supabase/cli"."platforms.linux-arm64-musl"]
checksum = "sha256:e84f7e247eefc5f38d78effa1ef2e8cd6d2a1af251121d99c1859b24953992c3"
url = "https://github.com/supabase/cli/releases/download/v2.111.0/supabase_linux_arm64.tar.gz"
url_api = "https://api.github.com/repos/supabase/cli/releases/assets/496488463"

[tools."aqua:supabase/cli"."platforms.linux-x64"]
checksum = "sha256:31ee8a152e9c8c8eddae072c6bc7c9119748a96c8cdaf21a6d31c9ce7e62cc18"
url = "https://github.com/supabase/cli/releases/download/v2.111.0/supabase_linux_amd64.tar.gz"
url_api = "https://api.github.com/repos/supabase/cli/releases/assets/496488472"

[tools."aqua:supabase/cli"."platforms.linux-x64-musl"]
checksum = "sha256:31ee8a152e9c8c8eddae072c6bc7c9119748a96c8cdaf21a6d31c9ce7e62cc18"
url = "https://github.com/supabase/cli/releases/download/v2.111.0/supabase_linux_amd64.tar.gz"
url_api = "https://api.github.com/repos/supabase/cli/releases/assets/496488472"

[tools."aqua:supabase/cli"."platforms.macos-arm64"]
checksum = "sha256:f2cd4fbfcdf5bd6753ab85468b3e1711f80d1b212f4a43f1a998fafb19962762"
url = "https://github.com/supabase/cli/releases/download/v2.111.0/supabase_darwin_arm64.tar.gz"
url_api = "https://api.github.com/repos/supabase/cli/releases/assets/496488466"

[tools."aqua:supabase/cli"."platforms.macos-x64"]
checksum = "sha256:42ef21b0c2ef52cc40597490260dfbbe6f484fa1ba5cea26475281f0e3eefef4"
url = "https://github.com/supabase/cli/releases/download/v2.111.0/supabase_darwin_amd64.tar.gz"
url_api = "https://api.github.com/repos/supabase/cli/releases/assets/496488465"

[tools."aqua:supabase/cli"."platforms.windows-x64"]
checksum = "sha256:7d3cf6411df2f3b50b7876b1acb12ba35a6432d830f2fec37eedb689e9dc593a"
url = "https://github.com/supabase/cli/releases/download/v2.111.0/supabase_windows_amd64.tar.gz"
url_api = "https://api.github.com/repos/supabase/cli/releases/assets/496488471"

[[tools."github:render-oss/cli"]]
version = "2.15.1"
backend = "github:render-oss/cli"

[tools."github:render-oss/cli"."platforms.linux-arm64"]
checksum = "sha256:4af28580388a46bb25f1be89ec3ae690d7e6a59d60ea4a05efbe10db9b52960e"
url = "https://github.com/render-oss/cli/releases/download/v2.15.1/cli_2.15.1_linux_arm64.zip"
url_api = "https://api.github.com/repos/render-oss/cli/releases/assets/384913449"

[tools."github:render-oss/cli"."platforms.linux-arm64-musl"]
checksum = "sha256:4af28580388a46bb25f1be89ec3ae690d7e6a59d60ea4a05efbe10db9b52960e"
url = "https://github.com/render-oss/cli/releases/download/v2.15.1/cli_2.15.1_linux_arm64.zip"
url_api = "https://api.github.com/repos/render-oss/cli/releases/assets/384913449"

[tools."github:render-oss/cli"."platforms.linux-x64"]
checksum = "sha256:ae1d8200723b9d56898187f681663cc10801fe70fc0e15f27e81ec30be6c00bf"
url = "https://github.com/render-oss/cli/releases/download/v2.15.1/cli_2.15.1_linux_amd64.zip"
url_api = "https://api.github.com/repos/render-oss/cli/releases/assets/384913503"

[tools."github:render-oss/cli"."platforms.linux-x64-musl"]
checksum = "sha256:ae1d8200723b9d56898187f681663cc10801fe70fc0e15f27e81ec30be6c00bf"
url = "https://github.com/render-oss/cli/releases/download/v2.15.1/cli_2.15.1_linux_amd64.zip"
url_api = "https://api.github.com/repos/render-oss/cli/releases/assets/384913503"

[tools."github:render-oss/cli"."platforms.macos-arm64"]
checksum = "sha256:c9064514f9566ed7bd90484e1f64679610d16eaf8a7afa800ea8554ee1c48a25"
url = "https://github.com/render-oss/cli/releases/download/v2.15.1/cli_2.15.1_darwin_arm64.zip"
url_api = "https://api.github.com/repos/render-oss/cli/releases/assets/384913445"

[tools."github:render-oss/cli"."platforms.macos-x64"]
checksum = "sha256:eba92e152fbe7bbb076346c5590cba3494911b32825536940eac4d611e118500"
url = "https://github.com/render-oss/cli/releases/download/v2.15.1/cli_2.15.1_darwin_amd64.zip"
url_api = "https://api.github.com/repos/render-oss/cli/releases/assets/384913480"

[tools."github:render-oss/cli"."platforms.windows-x64"]
checksum = "sha256:4433db5a7164fe17ea8c1cd7e0e8386e75e7083ae08bd03a2fb6ac7907c1ca93"
url = "https://github.com/render-oss/cli/releases/download/v2.15.1/cli_2.15.1_windows_amd64.zip"
url_api = "https://api.github.com/repos/render-oss/cli/releases/assets/384913504"

[[tools."github:superfly/flyctl"]]
version = "0.4.29"
backend = "github:superfly/flyctl"
