# @generated - this file is auto-generated by `mise lock` https://mise.en.dev/dev-tools/mise-lock.html

[[tools."aqua:aquasecurity/trivy"]]
version = "0.72.0"
backend = "aqua:aquasecurity/trivy"

[tools."aqua:aquasecurity/trivy"."platforms.linux-arm64"]
checksum = "sha256:2ca2c023109c2db6b2b77366b6717291452d4531167377d95c79547f0c8e3467"
url = "https://github.com/aquasecurity/trivy/releases/download/v0.72.0/trivy_0.72.0_Linux-ARM64.tar.gz"
provenance = "cosign"

[tools."aqua:aquasecurity/trivy"."platforms.linux-arm64-musl"]
checksum = "sha256:2ca2c023109c2db6b2b77366b6717291452d4531167377d95c79547f0c8e3467"
url = "https://github.com/aquasecurity/trivy/releases/download/v0.72.0/trivy_0.72.0_Linux-ARM64.tar.gz"
provenance = "cosign"

[tools."aqua:aquasecurity/trivy"."platforms.linux-x64"]
checksum = "sha256:bbb64b9695866ce4a7a8f5c9592002c5961cab378577fa3f8a040df362b9b2ea"
url = "https://github.com/aquasecurity/trivy/releases/download/v0.72.0/trivy_0.72.0_Linux-64bit.tar.gz"
provenance = "cosign"

[tools."aqua:aquasecurity/trivy"."platforms.linux-x64-musl"]
checksum = "sha256:bbb64b9695866ce4a7a8f5c9592002c5961cab378577fa3f8a040df362b9b2ea"
url = "https://github.com/aquasecurity/trivy/releases/download/v0.72.0/trivy_0.72.0_Linux-64bit.tar.gz"
provenance = "cosign"

[tools."aqua:aquasecurity/trivy"."platforms.macos-arm64"]
checksum = "sha256:88f208680dc05da2b459e19b4f5aa2b4dc7c2117892ba4aab2ae63baba330016"
url = "https://github.com/aquasecurity/trivy/releases/download/v0.72.0/trivy_0.72.0_macOS-ARM64.tar.gz"
provenance = "cosign"

[tools."aqua:aquasecurity/trivy"."platforms.macos-x64"]
checksum = "sha256:ee5e60df8a98e5b89fd74a6d86f9e5c7e9a266a35002cb1e43291698b3bfee08"
url = "https://github.com/aquasecurity/trivy/releases/download/v0.72.0/trivy_0.72.0_macOS-64bit.tar.gz"
provenance = "cosign"

[tools."aqua:aquasecurity/trivy"."platforms.windows-x64"]
checksum = "sha256:ed3cf122060f61818fe1f735fd97557954e16e10bc8b058af9852271cf2e91b3"
url = "https://github.com/aquasecurity/trivy/releases/download/v0.72.0/trivy_0.72.0_windows-64bit.zip"
provenance = "cosign"

[[tools."aqua:aws/aws-cli"]]
version = "2.34.21"
backend = "aqua:aws/aws-cli"

[tools."aqua:aws/aws-cli"."platforms.linux-arm64"]
url = "https://awscli.amazonaws.com/awscli-exe-linux-aarch64-2.34.21.zip"

[tools."aqua:aws/aws-cli"."platforms.linux-arm64-musl"]
url = "https://awscli.amazonaws.com/awscli-exe-linux-aarch64-2.34.21.zip"

[tools."aqua:aws/aws-cli"."platforms.linux-x64"]
url = "https://awscli.amazonaws.com/awscli-exe-linux-x86_64-2.34.21.zip"

[tools."aqua:aws/aws-cli"."platforms.linux-x64-musl"]
url = "https://awscli.amazonaws.com/awscli-exe-linux-x86_64-2.34.21.zip"

[tools."aqua:aws/aws-cli"."platforms.macos-arm64"]
url = "https://awscli.amazonaws.com/AWSCLIV2-2.34.21.pkg"

[tools."aqua:aws/aws-cli"."platforms.macos-x64"]
url = "https://awscli.amazonaws.com/AWSCLIV2-2.34.21.pkg"

[[tools."aqua:hashicorp/terraform"]]
version = "1.15.8"
backend = "aqua:hashicorp/terraform"

[tools."aqua:hashicorp/terraform"."platforms.linux-arm64"]
checksum = "sha256:8891e9dcedc9e3b8950bc6af9d4d8af1f4cfade3062f53b9dc403a89f6ce8c9c"
url = "https://releases.hashicorp.com/terraform/1.15.8/terraform_1.15.8_linux_arm64.zip"

[tools."aqua:hashicorp/terraform"."platforms.linux-arm64-musl"]
checksum = "sha256:8891e9dcedc9e3b8950bc6af9d4d8af1f4cfade3062f53b9dc403a89f6ce8c9c"
url = "https://releases.hashicorp.com/terraform/1.15.8/terraform_1.15.8_linux_arm64.zip"

[tools."aqua:hashicorp/terraform"."platforms.linux-x64"]
checksum = "sha256:d25ce7b6902013ad905db3d2eab0be4cd905887fe88b81a6171b8d5503c31f3d"
url = "https://releases.hashicorp.com/terraform/1.15.8/terraform_1.15.8_linux_amd64.zip"

[tools."aqua:hashicorp/terraform"."platforms.linux-x64-musl"]
checksum = "sha256:d25ce7b6902013ad905db3d2eab0be4cd905887fe88b81a6171b8d5503c31f3d"
url = "https://releases.hashicorp.com/terraform/1.15.8/terraform_1.15.8_linux_amd64.zip"

[tools."aqua:hashicorp/terraform"."platforms.macos-arm64"]
checksum = "sha256:f210110c5698b94d803a7a63cdb0251b5455c150841478808e2bbb343f95ed68"
url = "https://releases.hashicorp.com/terraform/1.15.8/terraform_1.15.8_darwin_arm64.zip"

[tools."aqua:hashicorp/terraform"."platforms.macos-x64"]
checksum = "sha256:e2e812e783771159bf758fd4e55d6dc9bb08f63e2af2c63d212721807a02c5dc"
url = "https://releases.hashicorp.com/terraform/1.15.8/terraform_1.15.8_darwin_amd64.zip"

[tools."aqua:hashicorp/terraform"."platforms.windows-x64"]
checksum = "sha256:2ff41d2129afb1982733c132c61a8d6ef038f879f3aeede7fc28b8b8b24acf02"
url = "https://releases.hashicorp.com/terraform/1.15.8/terraform_1.15.8_windows_amd64.zip"

[[tools."aqua:keidarcy/e1s"]]
version = "1.0.53"
backend = "aqua:keidarcy/e1s"

[tools."aqua:keidarcy/e1s"."platforms.linux-arm64"]
checksum = "sha256:ab257c0915068c08b8d3b2398849e4a938c230afc60780bd04923a360c67dffa"
url = "https://github.com/keidarcy/e1s/releases/download/v1.0.53/e1s_1.0.53_linux_arm64.tar.gz"

[tools."aqua:keidarcy/e1s"."platforms.linux-arm64-musl"]
checksum = "sha256:ab257c0915068c08b8d3b2398849e4a938c230afc60780bd04923a360c67dffa"
url = "https://github.com/keidarcy/e1s/releases/download/v1.0.53/e1s_1.0.53_linux_arm64.tar.gz"

[tools."aqua:keidarcy/e1s"."platforms.linux-x64"]
checksum = "sha256:3a13fd921774cb3297e07b9e63592fa51bca049e59a5020d6a4576ad2d598970"
url = "https://github.com/keidarcy/e1s/releases/download/v1.0.53/e1s_1.0.53_linux_amd64.tar.gz"

[tools."aqua:keidarcy/e1s"."platforms.linux-x64-musl"]
checksum = "sha256:3a13fd921774cb3297e07b9e63592fa51bca049e59a5020d6a4576ad2d598970"
url = "https://github.com/keidarcy/e1s/releases/download/v1.0.53/e1s_1.0.53_linux_amd64.tar.gz"

[tools."aqua:keidarcy/e1s"."platforms.macos-arm64"]
checksum = "sha256:462a99e56b57ac4795ee3ce3b00b5b0d5d39128a53a4dba28b62095c07611ff1"
url = "https://github.com/keidarcy/e1s/releases/download/v1.0.53/e1s_1.0.53_darwin_all.tar.gz"

[tools."aqua:keidarcy/e1s"."platforms.macos-x64"]
checksum = "sha256:462a99e56b57ac4795ee3ce3b00b5b0d5d39128a53a4dba28b62095c07611ff1"
url = "https://github.com/keidarcy/e1s/releases/download/v1.0.53/e1s_1.0.53_darwin_all.tar.gz"

[tools."aqua:keidarcy/e1s"."platforms.windows-x64"]
checksum = "sha256:7772c8b409477dce371b64d5ca4e3468994654b5564111447f6c2883de01dcbf"
url = "https://github.com/keidarcy/e1s/releases/download/v1.0.53/e1s_1.0.53_windows_amd64.tar.gz"

[[tools."aqua:leg100/pug"]]
version = "0.6.5"
backend = "aqua:leg100/pug"

[tools."aqua:leg100/pug"."platforms.linux-arm64"]
checksum = "sha256:b9b935e0bb8c196b6319acaba82cce5555ba6bfac412824acc9707db15770439"
url = "https://github.com/leg100/pug/releases/download/v0.6.5/pug_0.6.5_linux_arm64.zip"

[tools."aqua:leg100/pug"."platforms.linux-arm64-musl"]
checksum = "sha256:b9b935e0bb8c196b6319acaba82cce5555ba6bfac412824acc9707db15770439"
url = "https://github.com/leg100/pug/releases/download/v0.6.5/pug_0.6.5_linux_arm64.zip"

[tools."aqua:leg100/pug"."platforms.linux-x64"]
checksum = "sha256:60f17a1e0df5aecc138c820e6b8c00bb82e7c509723d254b892c34313ca0219c"
url = "https://github.com/leg100/pug/releases/download/v0.6.5/pug_0.6.5_linux_amd64.zip"

[tools."aqua:leg100/pug"."platforms.linux-x64-musl"]
checksum = "sha256:60f17a1e0df5aecc138c820e6b8c00bb82e7c509723d254b892c34313ca0219c"
url = "https://github.com/leg100/pug/releases/download/v0.6.5/pug_0.6.5_linux_amd64.zip"

[tools."aqua:leg100/pug"."platforms.macos-arm64"]
checksum = "sha256:45a172bbd94a1f6afe09698beca1bb725bd8d10fad6658b89bdb9fd634473f1d"
url = "https://github.com/leg100/pug/releases/download/v0.6.5/pug_0.6.5_darwin_arm64.zip"

[tools."aqua:leg100/pug"."platforms.macos-x64"]
checksum = "sha256:7f26c9b089f1978cd2803132e5637bb25b13a9ba900470a25d188e3819251fff"
url = "https://github.com/leg100/pug/releases/download/v0.6.5/pug_0.6.5_darwin_amd64.zip"

[tools."aqua:leg100/pug"."platforms.windows-x64"]
checksum = "sha256:209ed388582a712726ff434f80efb2a435765d83610da7cd2346d3107fb6a0c7"
url = "https://github.com/leg100/pug/releases/download/v0.6.5/pug_0.6.5_windows_amd64.zip"

[[tools."aqua:rclone/rclone"]]
version = "1.74.4"
backend = "aqua:rclone/rclone"

[tools."aqua:rclone/rclone"."platforms.linux-arm64"]
checksum = "sha256:97685285c9ad6a0cf17d5844115d2a67245af6444db672187074bd9c358de419"
url = "https://github.com/rclone/rclone/releases/download/v1.74.4/rclone-v1.74.4-linux-arm64.zip"

[tools."aqua:rclone/rclone"."platforms.linux-arm64-musl"]
checksum = "sha256:97685285c9ad6a0cf17d5844115d2a67245af6444db672187074bd9c358de419"
url = "https://github.com/rclone/rclone/releases/download/v1.74.4/rclone-v1.74.4-linux-arm64.zip"

[tools."aqua:rclone/rclone"."platforms.linux-x64"]
checksum = "sha256:fe435e0c36228e7c2f116a8701f01127bb1f694005fc11d1f27186c8bca4115d"
url = "https://github.com/rclone/rclone/releases/download/v1.74.4/rclone-v1.74.4-linux-amd64.zip"

[tools."aqua:rclone/rclone"."platforms.linux-x64-musl"]
checksum = "sha256:fe435e0c36228e7c2f116a8701f01127bb1f694005fc11d1f27186c8bca4115d"
url = "https://github.com/rclone/rclone/releases/download/v1.74.4/rclone-v1.74.4-linux-amd64.zip"

[tools."aqua:rclone/rclone"."platforms.macos-arm64"]
checksum = "sha256:c2100e2d4a4b3be04c55cd45380cafe7647e1ad772bb055f52f00876ed701167"
url = "https://github.com/rclone/rclone/releases/download/v1.74.4/rclone-v1.74.4-osx-arm64.zip"

[tools."aqua:rclone/rclone"."platforms.macos-x64"]
checksum = "sha256:4188aa84043d7a6240912923f47639a9d2da21f3b40a521c065c8d92e66563f6"
url = "https://github.com/rclone/rclone/releases/download/v1.74.4/rclone-v1.74.4-osx-amd64.zip"

[tools."aqua:rclone/rclone"."platforms.windows-x64"]
checksum = "sha256:ef097ef9de37a57feb7d9f9c7afb34148ad3c65be8025f1d8f7f521554a701ea"
url = "https://github.com/rclone/rclone/releases/download/v1.74.4/rclone-v1.74.4-windows-amd64.zip"

[[tools."aqua:terraform-linters/tflint"]]
version = "0.64.0"
backend = "aqua:terraform-linters/tflint"

[[tools."github:ByteNess/aws-vault"]]
version = "7.13.1"
backend = "github:ByteNess/aws-vault"

[tools."github:ByteNess/aws-vault"."platforms.linux-arm64"]
checksum = "sha256:51f5a53eca75667a003bc5addd019cf755f30e6cad3e375bc3e90c43b1ea8178"
url = "https://github.com/ByteNess/aws-vault/releases/download/v7.13.1/aws-vault-linux-arm64"
url_api = "https://api.github.com/repos/ByteNess/aws-vault/releases/assets/487116664"

[tools."github:ByteNess/aws-vault"."platforms.linux-arm64-musl"]
checksum = "sha256:51f5a53eca75667a003bc5addd019cf755f30e6cad3e375bc3e90c43b1ea8178"
url = "https://github.com/ByteNess/aws-vault/releases/download/v7.13.1/aws-vault-linux-arm64"
url_api = "https://api.github.com/repos/ByteNess/aws-vault/releases/assets/487116664"

[tools."github:ByteNess/aws-vault"."platforms.linux-x64"]
checksum = "sha256:fdc57b3ed3f5f90c9618d5e2d4b915339e2d3ac4eb59a183fc613ae5a1cc0da6"
url = "https://github.com/ByteNess/aws-vault/releases/download/v7.13.1/aws-vault-linux-amd64"
url_api = "https://api.github.com/repos/ByteNess/aws-vault/releases/assets/487116665"

[tools."github:ByteNess/aws-vault"."platforms.linux-x64-musl"]
checksum = "sha256:fdc57b3ed3f5f90c9618d5e2d4b915339e2d3ac4eb59a183fc613ae5a1cc0da6"
url = "https://github.com/ByteNess/aws-vault/releases/download/v7.13.1/aws-vault-linux-amd64"
url_api = "https://api.github.com/repos/ByteNess/aws-vault/releases/assets/487116665"

[tools."github:ByteNess/aws-vault"."platforms.macos-arm64"]
checksum = "sha256:b99bab940183a28e28c46d8606cf3e15c05579b82a3a15eb96e670c2b5d0e15c"
url = "https://github.com/ByteNess/aws-vault/releases/download/v7.13.1/aws-vault-darwin-arm64"
url_api = "https://api.github.com/repos/ByteNess/aws-vault/releases/assets/487116662"

[tools."github:ByteNess/aws-vault"."platforms.macos-x64"]
checksum = "sha256:e91a1386bb1c49a042fb6a0863fc02cbc083a64e260562ba671e025485ea9110"
url = "https://github.com/ByteNess/aws-vault/releases/download/v7.13.1/aws-vault-darwin-amd64"
url_api = "https://api.github.com/repos/ByteNess/aws-vault/releases/assets/487116666"

[tools."github:ByteNess/aws-vault"."platforms.windows-x64"]
checksum = "sha256:3e11bc05d5aa786cf6641b234d282d5100bf4e0e025799ece780ca08da724a46"
url = "https://github.com/ByteNess/aws-vault/releases/download/v7.13.1/aws-vault-windows-amd64.exe"
url_api = "https://api.github.com/repos/ByteNess/aws-vault/releases/assets/487116661"

[[tools."github:huseyinbabal/taws"]]
version = "1.3.0-rc.8"
backend = "github:huseyinbabal/taws"

[[tools."go:github.com/lusingander/gotip/cmd/gotip"]]
version = "0.9.0"
backend = "go:github.com/lusingander/gotip/cmd/gotip"

[[tools."go:gotest.tools/gotestsum"]]
version = "1.13.0"
backend = "go:gotest.tools/gotestsum"

[[tools."pipx:awslogs"]]
version = "0.15.0"
backend = "pipx:awslogs"

[[tools."pipx:tftui"]]
version = "0.13.4"
backend = "pipx:tftui"
