# @generated - this file is auto-generated by `mise lock` https://mise.en.dev/dev-tools/mise-lock.html

[[tools."aqua:stripe/stripe-cli"]]
version = "1.40.0"
backend = "aqua:stripe/stripe-cli"

[tools."aqua:stripe/stripe-cli"."platforms.linux-arm64"]
checksum = "sha256:ac5322c21a0e55ed741f770b1899a36bfd50100636ef506f9b588fea385eebba"
url = "https://github.com/stripe/stripe-cli/releases/download/v1.40.0/stripe_1.40.0_linux_arm64.tar.gz"

[tools."aqua:stripe/stripe-cli"."platforms.linux-arm64-musl"]
checksum = "sha256:ac5322c21a0e55ed741f770b1899a36bfd50100636ef506f9b588fea385eebba"
url = "https://github.com/stripe/stripe-cli/releases/download/v1.40.0/stripe_1.40.0_linux_arm64.tar.gz"

[tools."aqua:stripe/stripe-cli"."platforms.linux-x64"]
checksum = "sha256:a0f9c131d1e06240f97dedfdf05bb9cb96ee33a865e8877807945bab160eaa0f"
url = "https://github.com/stripe/stripe-cli/releases/download/v1.40.0/stripe_1.40.0_linux_x86_64.tar.gz"

[tools."aqua:stripe/stripe-cli"."platforms.linux-x64-musl"]
checksum = "sha256:a0f9c131d1e06240f97dedfdf05bb9cb96ee33a865e8877807945bab160eaa0f"
url = "https://github.com/stripe/stripe-cli/releases/download/v1.40.0/stripe_1.40.0_linux_x86_64.tar.gz"

[tools."aqua:stripe/stripe-cli"."platforms.macos-arm64"]
checksum = "sha256:997abdcb024d8803b57749ef5725765ecba0e0a63c92d3948bff01302b271ac8"
url = "https://github.com/stripe/stripe-cli/releases/download/v1.40.0/stripe_1.40.0_mac-os_arm64.tar.gz"

[tools."aqua:stripe/stripe-cli"."platforms.macos-x64"]
checksum = "sha256:8f1de9d5ba128a5367787590b95a710770e2a014a2b77b31057614bcc72934b4"
url = "https://github.com/stripe/stripe-cli/releases/download/v1.40.0/stripe_1.40.0_mac-os_x86_64.tar.gz"

[tools."aqua:stripe/stripe-cli"."platforms.windows-x64"]
checksum = "sha256:529c1af63bf502cdd1819ab0c4324b21972dd80d87a8c8deaf628f3caa1a1a15"
url = "https://github.com/stripe/stripe-cli/releases/download/v1.40.0/stripe_1.40.0_windows_x86_64.zip"

[[tools."github:pdm-project/pdm"]]
version = "2.26.7"
backend = "github:pdm-project/pdm"

[tools."github:pdm-project/pdm"."platforms.linux-arm64"]
checksum = "sha256:80c62ded1abfda113635f16f76c881c075733c66dfdf452a2e42276ba7f4ea24"
url = "https://github.com/pdm-project/pdm/releases/download/2.26.7/pdm-2.26.7-aarch64-unknown-linux-gnu.tar.gz"
url_api = "https://api.github.com/repos/pdm-project/pdm/releases/assets/380277318"

[tools."github:pdm-project/pdm"."platforms.linux-arm64-musl"]
checksum = "sha256:80c62ded1abfda113635f16f76c881c075733c66dfdf452a2e42276ba7f4ea24"
url = "https://github.com/pdm-project/pdm/releases/download/2.26.7/pdm-2.26.7-aarch64-unknown-linux-gnu.tar.gz"
url_api = "https://api.github.com/repos/pdm-project/pdm/releases/assets/380277318"

[tools."github:pdm-project/pdm"."platforms.linux-x64"]
checksum = "sha256:9f3b9815316d33555d86c358fae43e4f2eaa44dfacab7ba1cd1ddf3a441bba0d"
url = "https://github.com/pdm-project/pdm/releases/download/2.26.7/pdm-2.26.7-x86_64-unknown-linux-gnu.tar.gz"
url_api = "https://api.github.com/repos/pdm-project/pdm/releases/assets/380278006"

[tools."github:pdm-project/pdm"."platforms.linux-x64-musl"]
checksum = "sha256:9f3b9815316d33555d86c358fae43e4f2eaa44dfacab7ba1cd1ddf3a441bba0d"
url = "https://github.com/pdm-project/pdm/releases/download/2.26.7/pdm-2.26.7-x86_64-unknown-linux-gnu.tar.gz"
url_api = "https://api.github.com/repos/pdm-project/pdm/releases/assets/380278006"

[tools."github:pdm-project/pdm"."platforms.macos-arm64"]
checksum = "sha256:b7ae12b66a28f094cf144ab50d490c9436c4b3ac9e4b4d44bc11bab57acde0c6"
url = "https://github.com/pdm-project/pdm/releases/download/2.26.7/pdm-2.26.7-aarch64-apple-darwin.tar.gz"
url_api = "https://api.github.com/repos/pdm-project/pdm/releases/assets/380278515"

[tools."github:pdm-project/pdm"."platforms.macos-x64"]
checksum = "sha256:d5617fbec96483ee53f3f305249b90f78c4adefe01c2bc385727cf0a6ec50bae"
url = "https://github.com/pdm-project/pdm/releases/download/2.26.7/pdm-2.26.7-x86_64-apple-darwin.tar.gz"
url_api = "https://api.github.com/repos/pdm-project/pdm/releases/assets/380278494"

[tools."github:pdm-project/pdm"."platforms.windows-x64"]
checksum = "sha256:5e4cd4767c7cd3cf1ed3083a8764b68d1bda614a889b7dac0d8ff5de9e82c63b"
url = "https://github.com/pdm-project/pdm/releases/download/2.26.7/pdm-2.26.7-x86_64-pc-windows-msvc.tar.gz"
url_api = "https://api.github.com/repos/pdm-project/pdm/releases/assets/380278938"
