# @generated - this file is auto-generated by `mise lock` https://mise.en.dev/dev-tools/mise-lock.html

[[tools."github:git-ecosystem/git-credential-manager"]]
version = "2.9.1"
backend = "github:git-ecosystem/git-credential-manager"

[tools."github:git-ecosystem/git-credential-manager"."platforms.linux-arm64"]
checksum = "sha256:cf3806b7528b5a5af16bd4bd0683202fc432d9008dd91d20c4c6744b24a033b5"
url = "https://github.com/git-ecosystem/git-credential-manager/releases/download/v2.9.1/gcm-linux-arm64-2.9.1.tar.gz"
url_api = "https://api.github.com/repos/git-ecosystem/git-credential-manager/releases/assets/476910896"

[tools."github:git-ecosystem/git-credential-manager"."platforms.linux-arm64-musl"]
checksum = "sha256:cf3806b7528b5a5af16bd4bd0683202fc432d9008dd91d20c4c6744b24a033b5"
url = "https://github.com/git-ecosystem/git-credential-manager/releases/download/v2.9.1/gcm-linux-arm64-2.9.1.tar.gz"
url_api = "https://api.github.com/repos/git-ecosystem/git-credential-manager/releases/assets/476910896"

[tools."github:git-ecosystem/git-credential-manager"."platforms.linux-x64"]
checksum = "sha256:31fc151c3b111ffe25616a4356bd9a50bdcdbd0922c5e11990fb220c6caf1ce1"
url = "https://github.com/git-ecosystem/git-credential-manager/releases/download/v2.9.1/gcm-linux-x64-2.9.1.tar.gz"
url_api = "https://api.github.com/repos/git-ecosystem/git-credential-manager/releases/assets/476911327"

[tools."github:git-ecosystem/git-credential-manager"."platforms.linux-x64-musl"]
checksum = "sha256:31fc151c3b111ffe25616a4356bd9a50bdcdbd0922c5e11990fb220c6caf1ce1"
url = "https://github.com/git-ecosystem/git-credential-manager/releases/download/v2.9.1/gcm-linux-x64-2.9.1.tar.gz"
url_api = "https://api.github.com/repos/git-ecosystem/git-credential-manager/releases/assets/476911327"

[tools."github:git-ecosystem/git-credential-manager"."platforms.macos-arm64"]
checksum = "sha256:2ac8f99258d04acb45cf592eb5b06ec0e0760c329bce40a4d18dabb5e0e37f68"
url = "https://github.com/git-ecosystem/git-credential-manager/releases/download/v2.9.1/gcm-osx-arm64-2.9.1.tar.gz"
url_api = "https://api.github.com/repos/git-ecosystem/git-credential-manager/releases/assets/476911900"

[tools."github:git-ecosystem/git-credential-manager"."platforms.macos-x64"]
checksum = "sha256:326fc3e1c708ae792b010b2f9f701f3dc4dbaebdf40cafd036254ab0f148c034"
url = "https://github.com/git-ecosystem/git-credential-manager/releases/download/v2.9.1/gcm-osx-x64-2.9.1.tar.gz"
url_api = "https://api.github.com/repos/git-ecosystem/git-credential-manager/releases/assets/476912432"

[tools."github:git-ecosystem/git-credential-manager"."platforms.windows-x64"]
checksum = "sha256:7dea2afd3b9ea22109d25f95066025d70e57281d96062605304f89fcca41b535"
url = "https://github.com/git-ecosystem/git-credential-manager/releases/download/v2.9.1/gcm-win-x64-2.9.1.zip"
url_api = "https://api.github.com/repos/git-ecosystem/git-credential-manager/releases/assets/476912913"
